
Microsoft Visual Studio Solution File, Format Version 12.00
# Visual Studio Version 17
VisualStudioVersion = 17.1.32421.90
MinimumVisualStudioVersion = 10.0.40219.1
Project("{FAE04EC0-301F-11D3-BF4B-00C04F79EFBC}") = "WebApplication4", "WebApplication4\WebApplication4.csproj", "{E95014EE-311D-4740-B3A1-9DA25C9A67B4}"
EndProject
Global
	GlobalSection(SolutionConfigurationPlatforms) = preSolution
		Debug|Any CPU = Debug|Any CPU
		Release|Any CPU = Release|Any CPU
	EndGlobalSection
	GlobalSection(ProjectConfigurationPlatforms) = postSolution
		{E95014EE-311D-4740-B3A1-9DA25C9A67B4}.Debug|Any CPU.ActiveCfg = Debug|Any CPU
		{E95014EE-311D-4740-B3A1-9DA25C9A67B4}.Debug|Any CPU.Build.0 = Debug|Any CPU
		{E95014EE-311D-4740-B3A1-9DA25C9A67B4}.Release|Any CPU.ActiveCfg = Release|Any CPU
		{E95014EE-311D-4740-B3A1-9DA25C9A67B4}.Release|Any CPU.Build.0 = Release|Any CPU
	EndGlobalSection
	GlobalSection(SolutionProperties) = preSolution
		HideSolutionNode = FALSE
	EndGlobalSection
	GlobalSection(ExtensibilityGlobals) = postSolution
		SolutionGuid = {CCFE820B-0A9D-4F01-BF0F-B6FD2D2F61A3}
	EndGlobalSection
EndGlobal
